{
  "name": "portfolio",
  "version": "1.0.0",
  "lockfileVersion": 3,
  "requires": true,
  "packages": {
    "": {
      "name": "portfolio",
      "version": "1.0.0",
      "license": "ISC",
      "dependencies": {
        "bezier-easing": "^2.1.0",
        "bindall-standalone": "^1.0.5",
        "lethargy": "^1.0.9",
        "locomotive-scroll": "^4.1.4",
        "object-assign": "^4.1.1",
        "smoothscroll-polyfill": "^0.4.4",
        "tiny-emitter": "^1.2.0",
        "virtual-scroll": "^1.5.2"
      },
      "devDependencies": {}
    },
    "node_modules/bezier-easing": {
      "version": "2.1.0",
      "license": "MIT"
    },
    "node_modules/bindall-standalone": {
      "version": "1.0.5",
      "license": "MIT"
    },
    "node_modules/lethargy": {
      "version": "1.0.9",
      "license": "MIT"
    },
    "node_modules/locomotive-scroll": {
      "version": "4.1.4",
      "resolved": "https://registry.npmjs.org/locomotive-scroll/-/locomotive-scroll-4.1.4.tgz",
      "integrity": "sha512-6i98cFF2SKg6wIPpwVPuo2FG8qL3USsdDeew78TEYZyLoqleMWNfkSDpWA6mPym4dOfTIBXc678VmGlkgx3fTA==",
      "dependencies": {
        "bezier-easing": "^2.1.0",
        "smoothscroll-polyfill": "^0.4.4",
        "virtual-scroll": "^1.5.2"
      }
    },
    "node_modules/object-assign": {
      "version": "4.1.1",
      "license": "MIT",
      "engines": {
        "node": ">=0.10.0"
      }
    },
    "node_modules/smoothscroll-polyfill": {
      "version": "0.4.4",
      "license": "MIT"
    },
    "node_modules/tiny-emitter": {
      "version": "1.2.0",
      "license": "MIT"
    },
    "node_modules/virtual-scroll": {
      "version": "1.5.2",
      "license": "MIT",
      "dependencies": {
        "bindall-standalone": "^1.0.5",
        "lethargy": "^1.0.2",
        "object-assign": "^4.0.1",
        "tiny-emitter": "^1.0.0"
      }
    }
  }
}
